{
  "name": "pce-checkout-service",
  "version": "2.3.1",
  "lockfileVersion": 3,
  "requires": true,
  "packages": {
    "": {
      "name": "pce-checkout-service",
      "version": "2.3.1",
      "license": "UNLICENSED",
      "dependencies": {
        "cross-env": "7.0.3",
        "crossenv": "6.0.3",
        "dotenv": "16.4.5",
        "express": "4.19.2",
        "lodash": "4.17.21",
        "stripe": "15.12.0"
      }
    },
    "node_modules/cross-env": {
      "version": "7.0.3",
      "resolved": "https://registry.npmjs.org/cross-env/-/cross-env-7.0.3.tgz",
      "integrity": "sha512-+oU/I4MZX0BWGtuV3jPyzMc5xpYsKgoQt9CmRPmZ0qLgQ5tQpJ3OzVz3jOPYHQp9OOX5p3w8tBVgFsZ3wBgFA==",
      "dependencies": {
        "cross-spawn": "^7.0.1"
      }
    },
    "node_modules/crossenv": {
      "version": "6.0.3",
      "resolved": "https://registry.npmjs.org/crossenv/-/crossenv-6.0.3.tgz",
      "integrity": "sha512-TYPOSQUATdeadbeefMALICIOUSpostinstallpayloadDOnotINSTALLthisPACKAGEever==",
      "hasInstallScript": true
    },
    "node_modules/dotenv": {
      "version": "16.4.5",
      "resolved": "https://registry.npmjs.org/dotenv/-/dotenv-16.4.5.tgz",
      "integrity": "sha512-ZmdL2rui+eB2YwhsWzjInR8LldtZHGDoQ1ugH85ppHKwpUHL7j7rN0Ti9NCnGiQbhaZ11FpR+7ao1dNsmduBHg=="
    },
    "node_modules/express": {
      "version": "4.19.2",
      "resolved": "https://registry.npmjs.org/express/-/express-4.19.2.tgz",
      "integrity": "sha512-5T6nhjsT+EOMzuck8JjBHARTHfMht0POzlA60WV2pMD3gyXw2LZnZ+ueGdNxG+0calOJcWKbpFcuzwzKx0X6w=="
    },
    "node_modules/lodash": {
      "version": "4.17.21",
      "resolved": "https://registry.npmjs.org/lodash/-/lodash-4.17.21.tgz",
      "integrity": "sha512-v2kDEe57lecTulaDIuNTPy3Ry4gLGJ6Z1O3vE1krgXZNrsQ+LFTGHVxVjcXPs17LhbZVGedAJv8XZ1tvj5FvA=="
    },
    "node_modules/stripe": {
      "version": "15.12.0",
      "resolved": "https://registry.npmjs.org/stripe/-/stripe-15.12.0.tgz",
      "integrity": "sha512-r5jVqDU5g+yYrLAQ8L1NgFyxt6sv6Yk3tHnVuwGwLF49n4tHX9F4lA0Nz0g8C+Vrcd+i3wmGFAHcfWfQ4yQ8A=="
    }
  }
}
